// !$*UTF8*$!
{
	archiveVersion = 1;
	classes = {
	};
	objectVersion = 56;
	objects = {

/* Begin PBXBuildFile section */
		FB160E9E2AD9C475005DB061 /* HomeView.swift in Sources */ = {isa = PBXBuildFile; fileRef = FB160E9D2AD9C475005DB061 /* HomeView.swift */; };
		FB160EA02AD9C4BA005DB061 /* CardView.swift in Sources */ = {isa = PBXBuildFile; fileRef = FB160E9F2AD9C4BA005DB061 /* CardView.swift */; };
		FB160EA22AD9C7FA005DB061 /* MainView.swift in Sources */ = {isa = PBXBuildFile; fileRef = FB160EA12AD9C7FA005DB061 /* MainView.swift */; };
		FB160EA62AD9C843005DB061 /* ListaSpesaView.swift in Sources */ = {isa = PBXBuildFile; fileRef = FB160EA52AD9C843005DB061 /* ListaSpesaView.swift */; };
		FB160EA82AD9CFF1005DB061 /* ItemView.swift in Sources */ = {isa = PBXBuildFile; fileRef = FB160EA72AD9CFF1005DB061 /* ItemView.swift */; };
		FB160EAE2AD9E3E1005DB061 /* SwiftUICharts in Frameworks */ = {isa = PBXBuildFile; productRef = FB160EAD2AD9E3E1005DB061 /* SwiftUICharts */; };
		FB3678F22ADFE193004B7478 /* SignInView.swift in Sources */ = {isa = PBXBuildFile; fileRef = FB3678F12ADFE193004B7478 /* SignInView.swift */; };
		FB3678F42ADFE1F0004B7478 /* AppTextField.swift in Sources */ = {isa = PBXBuildFile; fileRef = FB3678F32ADFE1F0004B7478 /* AppTextField.swift */; };
		FB3678F62ADFE245004B7478 /* AppSecureField.swift in Sources */ = {isa = PBXBuildFile; fileRef = FB3678F52ADFE245004B7478 /* AppSecureField.swift */; };
		FB3678F92ADFE37C004B7478 /* AuthManager .swift in Sources */ = {isa = PBXBuildFile; fileRef = FB3678F82ADFE37C004B7478 /* AuthManager .swift */; };
		FB3678FC2ADFE434004B7478 /* Supabase in Frameworks */ = {isa = PBXBuildFile; productRef = FB3678FB2ADFE434004B7478 /* Supabase */; };
		FB3678FE2ADFE524004B7478 /* SIgnInViewModel.swift in Sources */ = {isa = PBXBuildFile; fileRef = FB3678FD2ADFE524004B7478 /* SIgnInViewModel.swift */; };
		FB3679002ADFE574004B7478 /* RegistrationView.swift in Sources */ = {isa = PBXBuildFile; fileRef = FB3678FF2ADFE574004B7478 /* RegistrationView.swift */; };
		FB3679022ADFE7E0004B7478 /* SuperMainView.swift in Sources */ = {isa = PBXBuildFile; fileRef = FB3679012ADFE7E0004B7478 /* SuperMainView.swift */; };
		FB6415272AC573BE00255CCA /* youCashApp.swift in Sources */ = {isa = PBXBuildFile; fileRef = FB6415262AC573BE00255CCA /* youCashApp.swift */; };
		FB64152B2AC573C000255CCA /* Assets.xcassets in Resources */ = {isa = PBXBuildFile; fileRef = FB64152A2AC573C000255CCA /* Assets.xcassets */; };
		FB64152E2AC573C000255CCA /* Preview Assets.xcassets in Resources */ = {isa = PBXBuildFile; fileRef = FB64152D2AC573C000255CCA /* Preview Assets.xcassets */; };
		FB6415352AC5740200255CCA /* LoginView.swift in Sources */ = {isa = PBXBuildFile; fileRef = FB6415342AC5740200255CCA /* LoginView.swift */; };
		FB6415392AC589B900255CCA /* RegisterView.swift in Sources */ = {isa = PBXBuildFile; fileRef = FB6415382AC589B900255CCA /* RegisterView.swift */; };
		FB64A7232ADA8CBB005D31F6 /* AggiungiSpesaView.swift in Sources */ = {isa = PBXBuildFile; fileRef = FB64A7222ADA8CBB005D31F6 /* AggiungiSpesaView.swift */; };
		FB64A7252ADA9482005D31F6 /* GraficoSpeseView.swift in Sources */ = {isa = PBXBuildFile; fileRef = FB64A7242ADA9482005D31F6 /* GraficoSpeseView.swift */; };
/* End PBXBuildFile section */

/* Begin PBXFileReference section */
		FB160E9D2AD9C475005DB061 /* HomeView.swift */ = {isa = PBXFileReference; lastKnownFileType = sourcecode.swift; path = HomeView.swift; sourceTree = "<group>"; };
		FB160E9F2AD9C4BA005DB061 /* CardView.swift */ = {isa = PBXFileReference; lastKnownFileType = sourcecode.swift; path = CardView.swift; sourceTree = "<group>"; };
		FB160EA12AD9C7FA005DB061 /* MainView.swift */ = {isa = PBXFileReference; lastKnownFileType = sourcecode.swift; path = MainView.swift; sourceTree = "<group>"; };
		FB160EA52AD9C843005DB061 /* ListaSpesaView.swift */ = {isa = PBXFileReference; lastKnownFileType = sourcecode.swift; path = ListaSpesaView.swift; sourceTree = "<group>"; };
		FB160EA72AD9CFF1005DB061 /* ItemView.swift */ = {isa = PBXFileReference; lastKnownFileType = sourcecode.swift; path = ItemView.swift; sourceTree = "<group>"; };
		FB3678F12ADFE193004B7478 /* SignInView.swift */ = {isa = PBXFileReference; lastKnownFileType = sourcecode.swift; path = SignInView.swift; sourceTree = "<group>"; };
		FB3678F32ADFE1F0004B7478 /* AppTextField.swift */ = {isa = PBXFileReference; lastKnownFileType = sourcecode.swift; path = AppTextField.swift; sourceTree = "<group>"; };
		FB3678F52ADFE245004B7478 /* AppSecureField.swift */ = {isa = PBXFileReference; lastKnownFileType = sourcecode.swift; path = AppSecureField.swift; sourceTree = "<group>"; };
		FB3678F82ADFE37C004B7478 /* AuthManager .swift */ = {isa = PBXFileReference; lastKnownFileType = sourcecode.swift; path = "AuthManager .swift"; sourceTree = "<group>"; };
		FB3678FD2ADFE524004B7478 /* SIgnInViewModel.swift */ = {isa = PBXFileReference; lastKnownFileType = sourcecode.swift; path = SIgnInViewModel.swift; sourceTree = "<group>"; };
		FB3678FF2ADFE574004B7478 /* RegistrationView.swift */ = {isa = PBXFileReference; lastKnownFileType = sourcecode.swift; path = RegistrationView.swift; sourceTree = "<group>"; };
		FB3679012ADFE7E0004B7478 /* SuperMainView.swift */ = {isa = PBXFileReference; lastKnownFileType = sourcecode.swift; path = SuperMainView.swift; sourceTree = "<group>"; };
		FB6415232AC573BE00255CCA /* youCash.app */ = {isa = PBXFileReference; explicitFileType = wrapper.application; includeInIndex = 0; path = youCash.app; sourceTree = BUILT_PRODUCTS_DIR; };
		FB6415262AC573BE00255CCA /* youCashApp.swift */ = {isa = PBXFileReference; lastKnownFileType = sourcecode.swift; path = youCashApp.swift; sourceTree = "<group>"; };
		FB64152A2AC573C000255CCA /* Assets.xcassets */ = {isa = PBXFileReference; lastKnownFileType = folder.assetcatalog; path = Assets.xcassets; sourceTree = "<group>"; };
		FB64152D2AC573C000255CCA /* Preview Assets.xcassets */ = {isa = PBXFileReference; lastKnownFileType = folder.assetcatalog; path = "Preview Assets.xcassets"; sourceTree = "<group>"; };
		FB6415342AC5740200255CCA /* LoginView.swift */ = {isa = PBXFileReference; lastKnownFileType = sourcecode.swift; path = LoginView.swift; sourceTree = "<group>"; };
		FB6415382AC589B900255CCA /* RegisterView.swift */ = {isa = PBXFileReference; lastKnownFileType = sourcecode.swift; path = RegisterView.swift; sourceTree = "<group>"; };
		FB64A7222ADA8CBB005D31F6 /* AggiungiSpesaView.swift */ = {isa = PBXFileReference; lastKnownFileType = sourcecode.swift; path = AggiungiSpesaView.swift; sourceTree = "<group>"; };
		FB64A7242ADA9482005D31F6 /* GraficoSpeseView.swift */ = {isa = PBXFileReference; lastKnownFileType = sourcecode.swift; path = GraficoSpeseView.swift; sourceTree = "<group>"; };
/* End PBXFileReference section */

/* Begin PBXFrameworksBuildPhase section */
		FB6415202AC573BE00255CCA /* Frameworks */ = {
			isa = PBXFrameworksBuildPhase;
			buildActionMask = 2147483647;
			files = (
				FB3678FC2ADFE434004B7478 /* Supabase in Frameworks */,
				FB160EAE2AD9E3E1005DB061 /* SwiftUICharts in Frameworks */,
			);
			runOnlyForDeploymentPostprocessing = 0;
		};
/* End PBXFrameworksBuildPhase section */

/* Begin PBXGroup section */
		FB3678F02ADFE15C004B7478 /* SignIn */ = {
			isa = PBXGroup;
			children = (
				FB3678F12ADFE193004B7478 /* SignInView.swift */,
				FB3678FD2ADFE524004B7478 /* SIgnInViewModel.swift */,
				FB3678FF2ADFE574004B7478 /* RegistrationView.swift */,
			);
			path = SignIn;
			sourceTree = "<group>";
		};
		FB3678F72ADFE35E004B7478 /* Auth */ = {
			isa = PBXGroup;
			children = (
				FB3678F82ADFE37C004B7478 /* AuthManager .swift */,
			);
			path = Auth;
			sourceTree = "<group>";
		};
		FB64151A2AC573BE00255CCA = {
			isa = PBXGroup;
			children = (
				FB6415252AC573BE00255CCA /* youCash */,
				FB6415242AC573BE00255CCA /* Products */,
			);
			sourceTree = "<group>";
		};
		FB6415242AC573BE00255CCA /* Products */ = {
			isa = PBXGroup;
			children = (
				FB6415232AC573BE00255CCA /* youCash.app */,
			);
			name = Products;
			sourceTree = "<group>";
		};
		FB6415252AC573BE00255CCA /* youCash */ = {
			isa = PBXGroup;
			children = (
				FB3678F72ADFE35E004B7478 /* Auth */,
				FB3678F02ADFE15C004B7478 /* SignIn */,
				FB6415262AC573BE00255CCA /* youCashApp.swift */,
				FB64152A2AC573C000255CCA /* Assets.xcassets */,
				FB64152C2AC573C000255CCA /* Preview Content */,
				FB6415342AC5740200255CCA /* LoginView.swift */,
				FB6415382AC589B900255CCA /* RegisterView.swift */,
				FB160E9D2AD9C475005DB061 /* HomeView.swift */,
				FB160E9F2AD9C4BA005DB061 /* CardView.swift */,
				FB160EA12AD9C7FA005DB061 /* MainView.swift */,
				FB160EA52AD9C843005DB061 /* ListaSpesaView.swift */,
				FB160EA72AD9CFF1005DB061 /* ItemView.swift */,
				FB64A7222ADA8CBB005D31F6 /* AggiungiSpesaView.swift */,
				FB64A7242ADA9482005D31F6 /* GraficoSpeseView.swift */,
				FB3678F32ADFE1F0004B7478 /* AppTextField.swift */,
				FB3678F52ADFE245004B7478 /* AppSecureField.swift */,
				FB3679012ADFE7E0004B7478 /* SuperMainView.swift */,
			);
			path = youCash;
			sourceTree = "<group>";
		};
		FB64152C2AC573C000255CCA /* Preview Content */ = {
			isa = PBXGroup;
			children = (
				FB64152D2AC573C000255CCA /* Preview Assets.xcassets */,
			);
			path = "Preview Content";
			sourceTree = "<group>";
		};
/* End PBXGroup section */

/* Begin PBXNativeTarget section */
		FB6415222AC573BE00255CCA /* youCash */ = {
			isa = PBXNativeTarget;
			buildConfigurationList = FB6415312AC573C000255CCA /* Build configuration list for PBXNativeTarget "youCash" */;
			buildPhases = (
				FB64151F2AC573BE00255CCA /* Sources */,
				FB6415202AC573BE00255CCA /* Frameworks */,
				FB6415212AC573BE00255CCA /* Resources */,
			);
			buildRules = (
			);
			dependencies = (
			);
			name = youCash;
			packageProductDependencies = (
				FB160EAD2AD9E3E1005DB061 /* SwiftUICharts */,
				FB3678FB2ADFE434004B7478 /* Supabase */,
			);
			productName = youCash;
			productReference = FB6415232AC573BE00255CCA /* youCash.app */;
			productType = "com.apple.product-type.application";
		};
/* End PBXNativeTarget section */

/* Begin PBXProject section */
		FB64151B2AC573BE00255CCA /* Project object */ = {
			isa = PBXProject;
			attributes = {
				BuildIndependentTargetsInParallel = 1;
				LastSwiftUpdateCheck = 1430;
				LastUpgradeCheck = 1430;
				TargetAttributes = {
					FB6415222AC573BE00255CCA = {
						CreatedOnToolsVersion = 14.3.1;
					};
				};
			};
			buildConfigurationList = FB64151E2AC573BE00255CCA /* Build configuration list for PBXProject "youCash" */;
			compatibilityVersion = "Xcode 14.0";
			developmentRegion = en;
			hasScannedForEncodings = 0;
			knownRegions = (
				en,
				Base,
			);
			mainGroup = FB64151A2AC573BE00255CCA;
			packageReferences = (
				FB160EAC2AD9E3E1005DB061 /* XCRemoteSwiftPackageReference "ChartView" */,
				FB3678FA2ADFE434004B7478 /* XCRemoteSwiftPackageReference "supabase-swift" */,
			);
			productRefGroup = FB6415242AC573BE00255CCA /* Products */;
			projectDirPath = "";
			projectRoot = "";
			targets = (
				FB6415222AC573BE00255CCA /* youCash */,
			);
		};
/* End PBXProject section */

/* Begin PBXResourcesBuildPhase section */
		FB6415212AC573BE00255CCA /* Resources */ = {
			isa = PBXResourcesBuildPhase;
			buildActionMask = 2147483647;
			files = (
				FB64152E2AC573C000255CCA /* Preview Assets.xcassets in Resources */,
				FB64152B2AC573C000255CCA /* Assets.xcassets in Resources */,
			);
			runOnlyForDeploymentPostprocessing = 0;
		};
/* End PBXResourcesBuildPhase section */

/* Begin PBXSourcesBuildPhase section */
		FB64151F2AC573BE00255CCA /* Sources */ = {
			isa = PBXSourcesBuildPhase;
			buildActionMask = 2147483647;
			files = (
				FB6415352AC5740200255CCA /* LoginView.swift in Sources */,
				FB3678FE2ADFE524004B7478 /* SIgnInViewModel.swift in Sources */,
				FB160EA22AD9C7FA005DB061 /* MainView.swift in Sources */,
				FB3678F62ADFE245004B7478 /* AppSecureField.swift in Sources */,
				FB160EA62AD9C843005DB061 /* ListaSpesaView.swift in Sources */,
				FB64A7252ADA9482005D31F6 /* GraficoSpeseView.swift in Sources */,
				FB160EA82AD9CFF1005DB061 /* ItemView.swift in Sources */,
				FB3679002ADFE574004B7478 /* RegistrationView.swift in Sources */,
				FB6415392AC589B900255CCA /* RegisterView.swift in Sources */,
				FB160E9E2AD9C475005DB061 /* HomeView.swift in Sources */,
				FB160EA02AD9C4BA005DB061 /* CardView.swift in Sources */,
				FB64A7232ADA8CBB005D31F6 /* AggiungiSpesaView.swift in Sources */,
				FB3678F92ADFE37C004B7478 /* AuthManager .swift in Sources */,
				FB3678F22ADFE193004B7478 /* SignInView.swift in Sources */,
				FB6415272AC573BE00255CCA /* youCashApp.swift in Sources */,
				FB3679022ADFE7E0004B7478 /* SuperMainView.swift in Sources */,
				FB3678F42ADFE1F0004B7478 /* AppTextField.swift in Sources */,
			);
			runOnlyForDeploymentPostprocessing = 0;
		};
/* End PBXSourcesBuildPhase section */

/* Begin XCBuildConfiguration section */
		FB64152F2AC573C000255CCA /* Debug */ = {
			isa = XCBuildConfiguration;
			buildSettings = {
				ALWAYS_SEARCH_USER_PATHS = NO;
				CLANG_ANALYZER_NONNULL = YES;
				CLANG_ANALYZER_NUMBER_OBJECT_CONVERSION = YES_AGGRESSIVE;
				CLANG_CXX_LANGUAGE_STANDARD = "gnu++20";
				CLANG_ENABLE_MODULES = YES;
				CLANG_ENABLE_OBJC_ARC = YES;
				CLANG_ENABLE_OBJC_WEAK = YES;
				CLANG_WARN_BLOCK_CAPTURE_AUTORELEASING = YES;
				CLANG_WARN_BOOL_CONVERSION = YES;
				CLANG_WARN_COMMA = YES;
				CLANG_WARN_CONSTANT_CONVERSION = YES;
				CLANG_WARN_DEPRECATED_OBJC_IMPLEMENTATIONS = YES;
				CLANG_WARN_DIRECT_OBJC_ISA_USAGE = YES_ERROR;
				CLANG_WARN_DOCUMENTATION_COMMENTS = YES;
				CLANG_WARN_EMPTY_BODY = YES;
				CLANG_WARN_ENUM_CONVERSION = YES;
				CLANG_WARN_INFINITE_RECURSION = YES;
				CLANG_WARN_INT_CONVERSION = YES;
				CLANG_WARN_NON_LITERAL_NULL_CONVERSION = YES;
				CLANG_WARN_OBJC_IMPLICIT_RETAIN_SELF = YES;
				CLANG_WARN_OBJC_LITERAL_CONVERSION = YES;
				CLANG_WARN_OBJC_ROOT_CLASS = YES_ERROR;
				CLANG_WARN_QUOTED_INCLUDE_IN_FRAMEWORK_HEADER = YES;
				CLANG_WARN_RANGE_LOOP_ANALYSIS = YES;
				CLANG_WARN_STRICT_PROTOTYPES = YES;
				CLANG_WARN_SUSPICIOUS_MOVE = YES;
				CLANG_WARN_UNGUARDED_AVAILABILITY = YES_AGGRESSIVE;
				CLANG_WARN_UNREACHABLE_CODE = YES;
				CLANG_WARN__DUPLICATE_METHOD_MATCH = YES;
				COPY_PHASE_STRIP = NO;
				DEBUG_INFORMATION_FORMAT = dwarf;
				ENABLE_STRICT_OBJC_MSGSEND = YES;
				ENABLE_TESTABILITY = YES;
				GCC_C_LANGUAGE_STANDARD = gnu11;
				GCC_DYNAMIC_NO_PIC = NO;
				GCC_NO_COMMON_BLOCKS = YES;
				GCC_OPTIMIZATION_LEVEL = 0;
				GCC_PREPROCESSOR_DEFINITIONS = (
					"DEBUG=1",
					"$(inherited)",
				);
				GCC_WARN_64_TO_32_BIT_CONVERSION = YES;
				GCC_WARN_ABOUT_RETURN_TYPE = YES_ERROR;
				GCC_WARN_UNDECLARED_SELECTOR = YES;
				GCC_WARN_UNINITIALIZED_AUTOS = YES_AGGRESSIVE;
				GCC_WARN_UNUSED_FUNCTION = YES;
				GCC_WARN_UNUSED_VARIABLE = YES;
				IPHONEOS_DEPLOYMENT_TARGET = 16.4;
				MTL_ENABLE_DEBUG_INFO = INCLUDE_SOURCE;
				MTL_FAST_MATH = YES;
				ONLY_ACTIVE_ARCH = YES;
				SDKROOT = iphoneos;
				SWIFT_ACTIVE_COMPILATION_CONDITIONS = DEBUG;
				SWIFT_OPTIMIZATION_LEVEL = "-Onone";
			};
			name = Debug;
		};
		FB6415302AC573C000255CCA /* Release */ = {
			isa = XCBuildConfiguration;
			buildSettings = {
				ALWAYS_SEARCH_USER_PATHS = NO;
				CLANG_ANALYZER_NONNULL = YES;
				CLANG_ANALYZER_NUMBER_OBJECT_CONVERSION = YES_AGGRESSIVE;
				CLANG_CXX_LANGUAGE_STANDARD = "gnu++20";
				CLANG_ENABLE_MODULES = YES;
				CLANG_ENABLE_OBJC_ARC = YES;
				CLANG_ENABLE_OBJC_WEAK = YES;
				CLANG_WARN_BLOCK_CAPTURE_AUTORELEASING = YES;
				CLANG_WARN_BOOL_CONVERSION = YES;
				CLANG_WARN_COMMA = YES;
				CLANG_WARN_CONSTANT_CONVERSION = YES;
				CLANG_WARN_DEPRECATED_OBJC_IMPLEMENTATIONS = YES;
				CLANG_WARN_DIRECT_OBJC_ISA_USAGE = YES_ERROR;
				CLANG_WARN_DOCUMENTATION_COMMENTS = YES;
				CLANG_WARN_EMPTY_BODY = YES;
				CLANG_WARN_ENUM_CONVERSION = YES;
				CLANG_WARN_INFINITE_RECURSION = YES;
				CLANG_WARN_INT_CONVERSION = YES;
				CLANG_WARN_NON_LITERAL_NULL_CONVERSION = YES;
				CLANG_WARN_OBJC_IMPLICIT_RETAIN_SELF = YES;
				CLANG_WARN_OBJC_LITERAL_CONVERSION = YES;
				CLANG_WARN_OBJC_ROOT_CLASS = YES_ERROR;
				CLANG_WARN_QUOTED_INCLUDE_IN_FRAMEWORK_HEADER = YES;
				CLANG_WARN_RANGE_LOOP_ANALYSIS = YES;
				CLANG_WARN_STRICT_PROTOTYPES = YES;
				CLANG_WARN_SUSPICIOUS_MOVE = YES;
				CLANG_WARN_UNGUARDED_AVAILABILITY = YES_AGGRESSIVE;
				CLANG_WARN_UNREACHABLE_CODE = YES;
				CLANG_WARN__DUPLICATE_METHOD_MATCH = YES;
				COPY_PHASE_STRIP = NO;
				DEBUG_INFORMATION_FORMAT = "dwarf-with-dsym";
				ENABLE_NS_ASSERTIONS = NO;
				ENABLE_STRICT_OBJC_MSGSEND = YES;
				GCC_C_LANGUAGE_STANDARD = gnu11;
				GCC_NO_COMMON_BLOCKS = YES;
				GCC_WARN_64_TO_32_BIT_CONVERSION = YES;
				GCC_WARN_ABOUT_RETURN_TYPE = YES_ERROR;
				GCC_WARN_UNDECLARED_SELECTOR = YES;
				GCC_WARN_UNINITIALIZED_AUTOS = YES_AGGRESSIVE;
				GCC_WARN_UNUSED_FUNCTION = YES;
				GCC_WARN_UNUSED_VARIABLE = YES;
				IPHONEOS_DEPLOYMENT_TARGET = 16.4;
				MTL_ENABLE_DEBUG_INFO = NO;
				MTL_FAST_MATH = YES;
				SDKROOT = iphoneos;
				SWIFT_COMPILATION_MODE = wholemodule;
				SWIFT_OPTIMIZATION_LEVEL = "-O";
				VALIDATE_PRODUCT = YES;
			};
			name = Release;
		};
		FB6415322AC573C000255CCA /* Debug */ = {
			isa = XCBuildConfiguration;
			buildSettings = {
				ASSETCATALOG_COMPILER_APPICON_NAME = AppIcon;
				ASSETCATALOG_COMPILER_GLOBAL_ACCENT_COLOR_NAME = AccentColor;
				CODE_SIGN_STYLE = Automatic;
				CURRENT_PROJECT_VERSION = 1;
				DEVELOPMENT_ASSET_PATHS = "\"youCash/Preview Content\"";
				ENABLE_PREVIEWS = YES;
				GENERATE_INFOPLIST_FILE = YES;
				INFOPLIST_KEY_UIApplicationSceneManifest_Generation = YES;
				INFOPLIST_KEY_UIApplicationSupportsIndirectInputEvents = YES;
				INFOPLIST_KEY_UILaunchScreen_Generation = YES;
				INFOPLIST_KEY_UISupportedInterfaceOrientations_iPad = "UIInterfaceOrientationPortrait UIInterfaceOrientationPortraitUpsideDown UIInterfaceOrientationLandscapeLeft UIInterfaceOrientationLandscapeRight";
				INFOPLIST_KEY_UISupportedInterfaceOrientations_iPhone = "UIInterfaceOrientationPortrait UIInterfaceOrientationLandscapeLeft UIInterfaceOrientationLandscapeRight";
				LD_RUNPATH_SEARCH_PATHS = (
					"$(inherited)",
					"@executable_path/Frameworks",
				);
				MARKETING_VERSION = 1.0;
				PRODUCT_BUNDLE_IDENTIFIER = its.rizzoli.youCash;
				PRODUCT_NAME = "$(TARGET_NAME)";
				SWIFT_EMIT_LOC_STRINGS = YES;
				SWIFT_VERSION = 5.0;
				TARGETED_DEVICE_FAMILY = "1,2";
			};
			name = Debug;
		};
		FB6415332AC573C000255CCA /* Release */ = {
			isa = XCBuildConfiguration;
			buildSettings = {
				ASSETCATALOG_COMPILER_APPICON_NAME = AppIcon;
				ASSETCATALOG_COMPILER_GLOBAL_ACCENT_COLOR_NAME = AccentColor;
				CODE_SIGN_STYLE = Automatic;
				CURRENT_PROJECT_VERSION = 1;
				DEVELOPMENT_ASSET_PATHS = "\"youCash/Preview Content\"";
				ENABLE_PREVIEWS = YES;
				GENERATE_INFOPLIST_FILE = YES;
				INFOPLIST_KEY_UIApplicationSceneManifest_Generation = YES;
				INFOPLIST_KEY_UIApplicationSupportsIndirectInputEvents = YES;
				INFOPLIST_KEY_UILaunchScreen_Generation = YES;
				INFOPLIST_KEY_UISupportedInterfaceOrientations_iPad = "UIInterfaceOrientationPortrait UIInterfaceOrientationPortraitUpsideDown UIInterfaceOrientationLandscapeLeft UIInterfaceOrientationLandscapeRight";
				INFOPLIST_KEY_UISupportedInterfaceOrientations_iPhone = "UIInterfaceOrientationPortrait UIInterfaceOrientationLandscapeLeft UIInterfaceOrientationLandscapeRight";
				LD_RUNPATH_SEARCH_PATHS = (
					"$(inherited)",
					"@executable_path/Frameworks",
				);
				MARKETING_VERSION = 1.0;
				PRODUCT_BUNDLE_IDENTIFIER = its.rizzoli.youCash;
				PRODUCT_NAME = "$(TARGET_NAME)";
				SWIFT_EMIT_LOC_STRINGS = YES;
				SWIFT_VERSION = 5.0;
				TARGETED_DEVICE_FAMILY = "1,2";
			};
			name = Release;
		};
/* End XCBuildConfiguration section */

/* Begin XCConfigurationList section */
		FB64151E2AC573BE00255CCA /* Build configuration list for PBXProject "youCash" */ = {
			isa = XCConfigurationList;
			buildConfigurations = (
				FB64152F2AC573C000255CCA /* Debug */,
				FB6415302AC573C000255CCA /* Release */,
			);
			defaultConfigurationIsVisible = 0;
			defaultConfigurationName = Release;
		};
		FB6415312AC573C000255CCA /* Build configuration list for PBXNativeTarget "youCash" */ = {
			isa = XCConfigurationList;
			buildConfigurations = (
				FB6415322AC573C000255CCA /* Debug */,
				FB6415332AC573C000255CCA /* Release */,
			);
			defaultConfigurationIsVisible = 0;
			defaultConfigurationName = Release;
		};
/* End XCConfigurationList section */

/* Begin XCRemoteSwiftPackageReference section */
		FB160EAC2AD9E3E1005DB061 /* XCRemoteSwiftPackageReference "ChartView" */ = {
			isa = XCRemoteSwiftPackageReference;
			repositoryURL = "https://github.com/AppPear/ChartView";
			requirement = {
				kind = exactVersion;
				version = "2.0.0-beta.2";
			};
		};
		FB3678FA2ADFE434004B7478 /* XCRemoteSwiftPackageReference "supabase-swift" */ = {
			isa = XCRemoteSwiftPackageReference;
			repositoryURL = "https://github.com/supabase-community/supabase-swift";
			requirement = {
				kind = upToNextMajorVersion;
				minimumVersion = 0.3.0;
			};
		};
/* End XCRemoteSwiftPackageReference section */

/* Begin XCSwiftPackageProductDependency section */
		FB160EAD2AD9E3E1005DB061 /* SwiftUICharts */ = {
			isa = XCSwiftPackageProductDependency;
			package = FB160EAC2AD9E3E1005DB061 /* XCRemoteSwiftPackageReference "ChartView" */;
			productName = SwiftUICharts;
		};
		FB3678FB2ADFE434004B7478 /* Supabase */ = {
			isa = XCSwiftPackageProductDependency;
			package = FB3678FA2ADFE434004B7478 /* XCRemoteSwiftPackageReference "supabase-swift" */;
			productName = Supabase;
		};
/* End XCSwiftPackageProductDependency section */
	};
	rootObject = FB64151B2AC573BE00255CCA /* Project object */;
}
